// !$*UTF8*$!
{
	archiveVersion = 1;
	classes = {
	};
	objectVersion = 50;
	objects = {

/* Begin PBXBuildFile section */
		D2EA825125BD3CA30071D00C /* LoginViewController.swift in Sources */ = {isa = PBXBuildFile; fileRef = D2EA825025BD3CA30071D00C /* LoginViewController.swift */; };
		D2EA825325BD3CAC0071D00C /* ProfileViewController.swift in Sources */ = {isa = PBXBuildFile; fileRef = D2EA825225BD3CAC0071D00C /* ProfileViewController.swift */; };
		D2EA825525BD3E5F0071D00C /* MyExtensions.swift in Sources */ = {isa = PBXBuildFile; fileRef = D2EA825425BD3E5F0071D00C /* MyExtensions.swift */; };
		D2F3B79625BC8D67007FE697 /* AppDelegate.swift in Sources */ = {isa = PBXBuildFile; fileRef = D2F3B79525BC8D67007FE697 /* AppDelegate.swift */; };
		D2F3B79D25BC8D67007FE697 /* Main.storyboard in Resources */ = {isa = PBXBuildFile; fileRef = D2F3B79B25BC8D67007FE697 /* Main.storyboard */; };
		D2F3B79F25BC8D69007FE697 /* Assets.xcassets in Resources */ = {isa = PBXBuildFile; fileRef = D2F3B79E25BC8D69007FE697 /* Assets.xcassets */; };
		D2F3B7A225BC8D69007FE697 /* LaunchScreen.storyboard in Resources */ = {isa = PBXBuildFile; fileRef = D2F3B7A025BC8D69007FE697 /* LaunchScreen.storyboard */; };
		D2F3B86025BC972F007FE697 /* APIManager.swift in Sources */ = {isa = PBXBuildFile; fileRef = D2F3B85F25BC972F007FE697 /* APIManager.swift */; };
		D2F3B86225BC9B75007FE697 /* User.swift in Sources */ = {isa = PBXBuildFile; fileRef = D2F3B86125BC9B75007FE697 /* User.swift */; };
/* End PBXBuildFile section */

/* Begin PBXFileReference section */
		D2EA825025BD3CA30071D00C /* LoginViewController.swift */ = {isa = PBXFileReference; lastKnownFileType = sourcecode.swift; path = LoginViewController.swift; sourceTree = "<group>"; };
		D2EA825225BD3CAC0071D00C /* ProfileViewController.swift */ = {isa = PBXFileReference; lastKnownFileType = sourcecode.swift; path = ProfileViewController.swift; sourceTree = "<group>"; };
		D2EA825425BD3E5F0071D00C /* MyExtensions.swift */ = {isa = PBXFileReference; lastKnownFileType = sourcecode.swift; path = MyExtensions.swift; sourceTree = "<group>"; };
		D2F3B79225BC8D67007FE697 /* Monish's Twitter.app */ = {isa = PBXFileReference; explicitFileType = wrapper.application; includeInIndex = 0; path = "Monish's Twitter.app"; sourceTree = BUILT_PRODUCTS_DIR; };
		D2F3B79525BC8D67007FE697 /* AppDelegate.swift */ = {isa = PBXFileReference; lastKnownFileType = sourcecode.swift; path = AppDelegate.swift; sourceTree = "<group>"; };
		D2F3B79C25BC8D67007FE697 /* Base */ = {isa = PBXFileReference; lastKnownFileType = file.storyboard; name = Base; path = Base.lproj/Main.storyboard; sourceTree = "<group>"; };
		D2F3B79E25BC8D69007FE697 /* Assets.xcassets */ = {isa = PBXFileReference; lastKnownFileType = folder.assetcatalog; path = Assets.xcassets; sourceTree = "<group>"; };
		D2F3B7A125BC8D69007FE697 /* Base */ = {isa = PBXFileReference; lastKnownFileType = file.storyboard; name = Base; path = Base.lproj/LaunchScreen.storyboard; sourceTree = "<group>"; };
		D2F3B7A325BC8D69007FE697 /* Info.plist */ = {isa = PBXFileReference; lastKnownFileType = text.plist.xml; path = Info.plist; sourceTree = "<group>"; };
		D2F3B85F25BC972F007FE697 /* APIManager.swift */ = {isa = PBXFileReference; lastKnownFileType = sourcecode.swift; path = APIManager.swift; sourceTree = "<group>"; };
		D2F3B86125BC9B75007FE697 /* User.swift */ = {isa = PBXFileReference; lastKnownFileType = sourcecode.swift; path = User.swift; sourceTree = "<group>"; };
/* End PBXFileReference section */

/* Begin PBXFrameworksBuildPhase section */
		D2F3B78F25BC8D67007FE697 /* Frameworks */ = {
			isa = PBXFrameworksBuildPhase;
			buildActionMask = 2147483647;
			files = (
			);
			runOnlyForDeploymentPostprocessing = 0;
		};
/* End PBXFrameworksBuildPhase section */

/* Begin PBXGroup section */
		D2F3B78925BC8D67007FE697 = {
			isa = PBXGroup;
			children = (
				D2F3B79425BC8D67007FE697 /* Twitter */,
				D2F3B79325BC8D67007FE697 /* Products */,
			);
			sourceTree = "<group>";
		};
		D2F3B79325BC8D67007FE697 /* Products */ = {
			isa = PBXGroup;
			children = (
				D2F3B79225BC8D67007FE697 /* Monish's Twitter.app */,
			);
			name = Products;
			sourceTree = "<group>";
		};
		D2F3B79425BC8D67007FE697 /* Twitter */ = {
			isa = PBXGroup;
			children = (
				D2F3B85E25BC971D007FE697 /* Utility */,
				D2F3B85D25BC96AD007FE697 /* Controller */,
				D2F3B85C25BC96A9007FE697 /* View */,
				D2F3B85B25BC96A4007FE697 /* Model */,
				D2F3B79525BC8D67007FE697 /* AppDelegate.swift */,
				D2F3B79E25BC8D69007FE697 /* Assets.xcassets */,
				D2F3B7A325BC8D69007FE697 /* Info.plist */,
			);
			path = Twitter;
			sourceTree = "<group>";
		};
		D2F3B85B25BC96A4007FE697 /* Model */ = {
			isa = PBXGroup;
			children = (
				D2F3B86125BC9B75007FE697 /* User.swift */,
			);
			path = Model;
			sourceTree = "<group>";
		};
		D2F3B85C25BC96A9007FE697 /* View */ = {
			isa = PBXGroup;
			children = (
				D2F3B79B25BC8D67007FE697 /* Main.storyboard */,
				D2F3B7A025BC8D69007FE697 /* LaunchScreen.storyboard */,
			);
			path = View;
			sourceTree = "<group>";
		};
		D2F3B85D25BC96AD007FE697 /* Controller */ = {
			isa = PBXGroup;
			children = (
				D2EA825025BD3CA30071D00C /* LoginViewController.swift */,
				D2EA825225BD3CAC0071D00C /* ProfileViewController.swift */,
			);
			path = Controller;
			sourceTree = "<group>";
		};
		D2F3B85E25BC971D007FE697 /* Utility */ = {
			isa = PBXGroup;
			children = (
				D2F3B85F25BC972F007FE697 /* APIManager.swift */,
				D2EA825425BD3E5F0071D00C /* MyExtensions.swift */,
			);
			path = Utility;
			sourceTree = "<group>";
		};
/* End PBXGroup section */

/* Begin PBXNativeTarget section */
		D2F3B79125BC8D67007FE697 /* Twitter */ = {
			isa = PBXNativeTarget;
			buildConfigurationList = D2F3B7A625BC8D69007FE697 /* Build configuration list for PBXNativeTarget "Twitter" */;
			buildPhases = (
				D2F3B78E25BC8D67007FE697 /* Sources */,
				D2F3B78F25BC8D67007FE697 /* Frameworks */,
				D2F3B79025BC8D67007FE697 /* Resources */,
			);
			buildRules = (
			);
			dependencies = (
			);
			name = Twitter;
			productName = Twitter;
			productReference = D2F3B79225BC8D67007FE697 /* Monish's Twitter.app */;
			productType = "com.apple.product-type.application";
		};
/* End PBXNativeTarget section */

/* Begin PBXProject section */
		D2F3B78A25BC8D67007FE697 /* Project object */ = {
			isa = PBXProject;
			attributes = {
				LastSwiftUpdateCheck = 1170;
				LastUpgradeCheck = 1170;
				ORGANIZATIONNAME = "Monish Chaudhari";
				TargetAttributes = {
					D2F3B79125BC8D67007FE697 = {
						CreatedOnToolsVersion = 11.7;
					};
				};
			};
			buildConfigurationList = D2F3B78D25BC8D67007FE697 /* Build configuration list for PBXProject "Twitter" */;
			compatibilityVersion = "Xcode 9.3";
			developmentRegion = en;
			hasScannedForEncodings = 0;
			knownRegions = (
				en,
				Base,
			);
			mainGroup = D2F3B78925BC8D67007FE697;
			productRefGroup = D2F3B79325BC8D67007FE697 /* Products */;
			projectDirPath = "";
			projectRoot = "";
			targets = (
				D2F3B79125BC8D67007FE697 /* Twitter */,
			);
		};
/* End PBXProject section */

/* Begin PBXResourcesBuildPhase section */
		D2F3B79025BC8D67007FE697 /* Resources */ = {
			isa = PBXResourcesBuildPhase;
			buildActionMask = 2147483647;
			files = (
				D2F3B7A225BC8D69007FE697 /* LaunchScreen.storyboard in Resources */,
				D2F3B79F25BC8D69007FE697 /* Assets.xcassets in Resources */,
				D2F3B79D25BC8D67007FE697 /* Main.storyboard in Resources */,
			);
			runOnlyForDeploymentPostprocessing = 0;
		};
/* End PBXResourcesBuildPhase section */

/* Begin PBXSourcesBuildPhase section */
		D2F3B78E25BC8D67007FE697 /* Sources */ = {
			isa = PBXSourcesBuildPhase;
			buildActionMask = 2147483647;
			files = (
				D2EA825125BD3CA30071D00C /* LoginViewController.swift in Sources */,
				D2F3B86225BC9B75007FE697 /* User.swift in Sources */,
				D2EA825325BD3CAC0071D00C /* ProfileViewController.swift in Sources */,
				D2EA825525BD3E5F0071D00C /* MyExtensions.swift in Sources */,
				D2F3B86025BC972F007FE697 /* APIManager.swift in Sources */,
				D2F3B79625BC8D67007FE697 /* AppDelegate.swift in Sources */,
			);
			runOnlyForDeploymentPostprocessing = 0;
		};
/* End PBXSourcesBuildPhase section */

/* Begin PBXVariantGroup section */
		D2F3B79B25BC8D67007FE697 /* Main.storyboard */ = {
			isa = PBXVariantGroup;
			children = (
				D2F3B79C25BC8D67007FE697 /* Base */,
			);
			name = Main.storyboard;
			sourceTree = "<group>";
		};
		D2F3B7A025BC8D69007FE697 /* LaunchScreen.storyboard */ = {
			isa = PBXVariantGroup;
			children = (
				D2F3B7A125BC8D69007FE697 /* Base */,
			);
			name = LaunchScreen.storyboard;
			sourceTree = "<group>";
		};
/* End PBXVariantGroup section */

/* Begin XCBuildConfiguration section */
		D2F3B7A425BC8D69007FE697 /* Debug */ = {
			isa = XCBuildConfiguration;
			buildSettings = {
				ALWAYS_SEARCH_USER_PATHS = NO;
				CLANG_ANALYZER_NONNULL = YES;
				CLANG_ANALYZER_NUMBER_OBJECT_CONVERSION = YES_AGGRESSIVE;
				CLANG_CXX_LANGUAGE_STANDARD = "gnu++14";
				CLANG_CXX_LIBRARY = "libc++";
				CLANG_ENABLE_MODULES = YES;
				CLANG_ENABLE_OBJC_ARC = YES;
				CLANG_ENABLE_OBJC_WEAK = YES;
				CLANG_WARN_BLOCK_CAPTURE_AUTORELEASING = YES;
				CLANG_WARN_BOOL_CONVERSION = YES;
				CLANG_WARN_COMMA = YES;
				CLANG_WARN_CONSTANT_CONVERSION = YES;
				CLANG_WARN_DEPRECATED_OBJC_IMPLEMENTATIONS = YES;
				CLANG_WARN_DIRECT_OBJC_ISA_USAGE = YES_ERROR;
				CLANG_WARN_DOCUMENTATION_COMMENTS = YES;
				CLANG_WARN_EMPTY_BODY = YES;
				CLANG_WARN_ENUM_CONVERSION = YES;
				CLANG_WARN_INFINITE_RECURSION = YES;
				CLANG_WARN_INT_CONVERSION = YES;
				CLANG_WARN_NON_LITERAL_NULL_CONVERSION = YES;
				CLANG_WARN_OBJC_IMPLICIT_RETAIN_SELF = YES;
				CLANG_WARN_OBJC_LITERAL_CONVERSION = YES;
				CLANG_WARN_OBJC_ROOT_CLASS = YES_ERROR;
				CLANG_WARN_RANGE_LOOP_ANALYSIS = YES;
				CLANG_WARN_STRICT_PROTOTYPES = YES;
				CLANG_WARN_SUSPICIOUS_MOVE = YES;
				CLANG_WARN_UNGUARDED_AVAILABILITY = YES_AGGRESSIVE;
				CLANG_WARN_UNREACHABLE_CODE = YES;
				CLANG_WARN__DUPLICATE_METHOD_MATCH = YES;
				COPY_PHASE_STRIP = NO;
				DEBUG_INFORMATION_FORMAT = dwarf;
				ENABLE_STRICT_OBJC_MSGSEND = YES;
				ENABLE_TESTABILITY = YES;
				GCC_C_LANGUAGE_STANDARD = gnu11;
				GCC_DYNAMIC_NO_PIC = NO;
				GCC_NO_COMMON_BLOCKS = YES;
				GCC_OPTIMIZATION_LEVEL = 0;
				GCC_PREPROCESSOR_DEFINITIONS = (
					"DEBUG=1",
					"$(inherited)",
				);
				GCC_WARN_64_TO_32_BIT_CONVERSION = YES;
				GCC_WARN_ABOUT_RETURN_TYPE = YES_ERROR;
				GCC_WARN_UNDECLARED_SELECTOR = YES;
				GCC_WARN_UNINITIALIZED_AUTOS = YES_AGGRESSIVE;
				GCC_WARN_UNUSED_FUNCTION = YES;
				GCC_WARN_UNUSED_VARIABLE = YES;
				IPHONEOS_DEPLOYMENT_TARGET = 13.7;
				MTL_ENABLE_DEBUG_INFO = INCLUDE_SOURCE;
				MTL_FAST_MATH = YES;
				ONLY_ACTIVE_ARCH = YES;
				SDKROOT = iphoneos;
				SWIFT_ACTIVE_COMPILATION_CONDITIONS = DEBUG;
				SWIFT_OPTIMIZATION_LEVEL = "-Onone";
			};
			name = Debug;
		};
		D2F3B7A525BC8D69007FE697 /* Release */ = {
			isa = XCBuildConfiguration;
			buildSettings = {
				ALWAYS_SEARCH_USER_PATHS = NO;
				CLANG_ANALYZER_NONNULL = YES;
				CLANG_ANALYZER_NUMBER_OBJECT_CONVERSION = YES_AGGRESSIVE;
				CLANG_CXX_LANGUAGE_STANDARD = "gnu++14";
				CLANG_CXX_LIBRARY = "libc++";
				CLANG_ENABLE_MODULES = YES;
				CLANG_ENABLE_OBJC_ARC = YES;
				CLANG_ENABLE_OBJC_WEAK = YES;
				CLANG_WARN_BLOCK_CAPTURE_AUTORELEASING = YES;
				CLANG_WARN_BOOL_CONVERSION = YES;
				CLANG_WARN_COMMA = YES;
				CLANG_WARN_CONSTANT_CONVERSION = YES;
				CLANG_WARN_DEPRECATED_OBJC_IMPLEMENTATIONS = YES;
				CLANG_WARN_DIRECT_OBJC_ISA_USAGE = YES_ERROR;
				CLANG_WARN_DOCUMENTATION_COMMENTS = YES;
				CLANG_WARN_EMPTY_BODY = YES;
				CLANG_WARN_ENUM_CONVERSION = YES;
				CLANG_WARN_INFINITE_RECURSION = YES;
				CLANG_WARN_INT_CONVERSION = YES;
				CLANG_WARN_NON_LITERAL_NULL_CONVERSION = YES;
				CLANG_WARN_OBJC_IMPLICIT_RETAIN_SELF = YES;
				CLANG_WARN_OBJC_LITERAL_CONVERSION = YES;
				CLANG_WARN_OBJC_ROOT_CLASS = YES_ERROR;
				CLANG_WARN_RANGE_LOOP_ANALYSIS = YES;
				CLANG_WARN_STRICT_PROTOTYPES = YES;
				CLANG_WARN_SUSPICIOUS_MOVE = YES;
				CLANG_WARN_UNGUARDED_AVAILABILITY = YES_AGGRESSIVE;
				CLANG_WARN_UNREACHABLE_CODE = YES;
				CLANG_WARN__DUPLICATE_METHOD_MATCH = YES;
				COPY_PHASE_STRIP = NO;
				DEBUG_INFORMATION_FORMAT = "dwarf-with-dsym";
				ENABLE_NS_ASSERTIONS = NO;
				ENABLE_STRICT_OBJC_MSGSEND = YES;
				GCC_C_LANGUAGE_STANDARD = gnu11;
				GCC_NO_COMMON_BLOCKS = YES;
				GCC_WARN_64_TO_32_BIT_CONVERSION = YES;
				GCC_WARN_ABOUT_RETURN_TYPE = YES_ERROR;
				GCC_WARN_UNDECLARED_SELECTOR = YES;
				GCC_WARN_UNINITIALIZED_AUTOS = YES_AGGRESSIVE;
				GCC_WARN_UNUSED_FUNCTION = YES;
				GCC_WARN_UNUSED_VARIABLE = YES;
				IPHONEOS_DEPLOYMENT_TARGET = 13.7;
				MTL_ENABLE_DEBUG_INFO = NO;
				MTL_FAST_MATH = YES;
				SDKROOT = iphoneos;
				SWIFT_COMPILATION_MODE = wholemodule;
				SWIFT_OPTIMIZATION_LEVEL = "-O";
				VALIDATE_PRODUCT = YES;
			};
			name = Release;
		};
		D2F3B7A725BC8D69007FE697 /* Debug */ = {
			isa = XCBuildConfiguration;
			buildSettings = {
				ASSETCATALOG_COMPILER_APPICON_NAME = AppIcon;
				CODE_SIGN_STYLE = Automatic;
				DEVELOPMENT_TEAM = JD2D226662;
				INFOPLIST_FILE = Twitter/Info.plist;
				IPHONEOS_DEPLOYMENT_TARGET = 13.0;
				LD_RUNPATH_SEARCH_PATHS = (
					"$(inherited)",
					"@executable_path/Frameworks",
				);
				PRODUCT_BUNDLE_IDENTIFIER = com.monishchaudahri.Twitter;
				PRODUCT_NAME = "Monish's Twitter";
				SWIFT_VERSION = 5.0;
				TARGETED_DEVICE_FAMILY = 1;
			};
			name = Debug;
		};
		D2F3B7A825BC8D69007FE697 /* Release */ = {
			isa = XCBuildConfiguration;
			buildSettings = {
				ASSETCATALOG_COMPILER_APPICON_NAME = AppIcon;
				CODE_SIGN_STYLE = Automatic;
				DEVELOPMENT_TEAM = JD2D226662;
				INFOPLIST_FILE = Twitter/Info.plist;
				IPHONEOS_DEPLOYMENT_TARGET = 13.0;
				LD_RUNPATH_SEARCH_PATHS = (
					"$(inherited)",
					"@executable_path/Frameworks",
				);
				PRODUCT_BUNDLE_IDENTIFIER = com.monishchaudahri.Twitter;
				PRODUCT_NAME = "Monish's Twitter";
				SWIFT_VERSION = 5.0;
				TARGETED_DEVICE_FAMILY = 1;
			};
			name = Release;
		};
/* End XCBuildConfiguration section */

/* Begin XCConfigurationList section */
		D2F3B78D25BC8D67007FE697 /* Build configuration list for PBXProject "Twitter" */ = {
			isa = XCConfigurationList;
			buildConfigurations = (
				D2F3B7A425BC8D69007FE697 /* Debug */,
				D2F3B7A525BC8D69007FE697 /* Release */,
			);
			defaultConfigurationIsVisible = 0;
			defaultConfigurationName = Release;
		};
		D2F3B7A625BC8D69007FE697 /* Build configuration list for PBXNativeTarget "Twitter" */ = {
			isa = XCConfigurationList;
			buildConfigurations = (
				D2F3B7A725BC8D69007FE697 /* Debug */,
				D2F3B7A825BC8D69007FE697 /* Release */,
			);
			defaultConfigurationIsVisible = 0;
			defaultConfigurationName = Release;
		};
/* End XCConfigurationList section */
	};
	rootObject = D2F3B78A25BC8D67007FE697 /* Project object */;
}
